
Microsoft Visual Studio Solution File, Format Version 12.00
# Visual Studio Version 17
VisualStudioVersion = 17.7.34009.444
MinimumVisualStudioVersion = 10.0.40219.1
Project("{FAE04EC0-301F-11D3-BF4B-00C04F79EFBC}") = "DapperStudy.Api", "DapperStudy.Api\DapperStudy.Api.csproj", "{295B9E67-6141-4757-B5F1-31305DB3E872}"
EndProject
Global
	GlobalSection(SolutionConfigurationPlatforms) = preSolution
		Debug|Any CPU = Debug|Any CPU
		Release|Any CPU = Release|Any CPU
	EndGlobalSection
	GlobalSection(ProjectConfigurationPlatforms) = postSolution
		{295B9E67-6141-4757-B5F1-31305DB3E872}.Debug|Any CPU.ActiveCfg = Debug|Any CPU
		{295B9E67-6141-4757-B5F1-31305DB3E872}.Debug|Any CPU.Build.0 = Debug|Any CPU
		{295B9E67-6141-4757-B5F1-31305DB3E872}.Release|Any CPU.ActiveCfg = Release|Any CPU
		{295B9E67-6141-4757-B5F1-31305DB3E872}.Release|Any CPU.Build.0 = Release|Any CPU
	EndGlobalSection
	GlobalSection(SolutionProperties) = preSolution
		HideSolutionNode = FALSE
	EndGlobalSection
	GlobalSection(ExtensibilityGlobals) = postSolution
		SolutionGuid = {EDE5B5F6-DA4C-41BE-AF69-B1704A1835B7}
	EndGlobalSection
EndGlobal
